{
  "version": 1,
  "dependencies": {
    "net8.0-windows10.0.22000": {
      "Microsoft.Data.Sqlite": {
        "type": "Direct",
        "requested": "[8.0.29, )",
        "resolved": "8.0.29",
        "contentHash": "UT01MJBITsT5CFLK9bhYWjz847BHlC2em7nhBNCCSYsI72mIzrXHfrQT8R+huQKJGZo94/a9GWGzKPn7mmlMyw==",
        "dependencies": {
          "Microsoft.Data.Sqlite.Core": "8.0.29",
          "SQLitePCLRaw.bundle_e_sqlite3": "2.1.6"
        }
      },
      "Microsoft.Data.Sqlite.Core": {
        "type": "Transitive",
        "resolved": "8.0.29",
        "contentHash": "B/7Z0la03kNVdmZtgSN/PocA2nsPiVUq56iCh25oW8W31Yzg1ofrMWy79i0DcDOXuHjy7+jlsUlSNytwe9Et5A==",
        "dependencies": {
          "SQLitePCLRaw.core": "2.1.6"
        }
      },
      "SQLitePCLRaw.bundle_e_sqlite3": {
        "type": "Direct",
        "requested": "[2.1.12, )",
        "resolved": "2.1.12",
        "contentHash": "YIS75gd/Q4tPOduT245SB41hxHyQIoa2JMKaejr4FZeG6WRV6x8T5mFe9CtgSog4Spdfk2ECRLvGFQbfTxmPvQ==",
        "dependencies": {
          "SQLitePCLRaw.lib.e_sqlite3": "2.1.12",
          "SQLitePCLRaw.provider.e_sqlite3": "2.1.12"
        }
      },
      "SQLitePCLRaw.core": {
        "type": "Transitive",
        "resolved": "2.1.12",
        "contentHash": "fRq7MW1ZQf0cVeWU3op8yaQLDhdTQfjSpT3Q7xVvHte8tv7TsLF+n95akPRztyVviOcPwy1Ch8D9NJqn2C8ulg==",
        "dependencies": {
          "System.Memory": "4.5.3"
        }
      },
      "SQLitePCLRaw.lib.e_sqlite3": {
        "type": "Transitive",
        "resolved": "2.1.12",
        "contentHash": "Yllqq74GlAJSmpexozSHCsHV6xGBcEZZUlaJ/CmbiDZ5lnhOUimjhvrLMQZ5evTnD2mQccA5mH/HP2vA6kukxg=="
      },
      "SQLitePCLRaw.provider.e_sqlite3": {
        "type": "Transitive",
        "resolved": "2.1.12",
        "contentHash": "FFA0HYfve9GiJ61bZWhnJhDdFzMSDtyP7G1akJq6J6uQ2qPiCOAM1O/aM8YGUTp4RvHNzfgMZ5MdP9eopYfHmw==",
        "dependencies": {
          "SQLitePCLRaw.core": "2.1.12"
        }
      },
      "System.Memory": {
        "type": "Transitive",
        "resolved": "4.5.3",
        "contentHash": "3oDzvc/zzetpTKWMShs1AADwZjQ/36HnsufHRPcOjyRAAMLDlu2iD33MBI2opxnezcVUtXyqDXXjoFMOU9c7SA=="
      }
    }
  }
}
